// !$*UTF8*$!
{
	archiveVersion = 1;
	classes = {
	};
	objectVersion = 56;
	objects = {

/* Begin PBXBuildFile section */
		290848912C2608F5005571AC /* Color+Extension.swift in Sources */ = {isa = PBXBuildFile; fileRef = 290848902C2608F5005571AC /* Color+Extension.swift */; };
		290F98E92C2C4A0100064DD9 /* HourlyForecasts.swift in Sources */ = {isa = PBXBuildFile; fileRef = 290F98E82C2C4A0100064DD9 /* HourlyForecasts.swift */; };
		290F98F02C2C4FA700064DD9 /* HourlyForecastViewModel.swift in Sources */ = {isa = PBXBuildFile; fileRef = 290F98EF2C2C4FA700064DD9 /* HourlyForecastViewModel.swift */; };
		290F98F22C2C505200064DD9 /* HourlyForecastCardScreen.swift in Sources */ = {isa = PBXBuildFile; fileRef = 290F98F12C2C505200064DD9 /* HourlyForecastCardScreen.swift */; };
		290F98F42C2C5DDA00064DD9 /* HourlyForecastCardCollectionViewCell.swift in Sources */ = {isa = PBXBuildFile; fileRef = 290F98F32C2C5DDA00064DD9 /* HourlyForecastCardCollectionViewCell.swift */; };
		290F98F72C2CCD6A00064DD9 /* HourlyForecastScreenViewCell.swift in Sources */ = {isa = PBXBuildFile; fileRef = 290F98F62C2CCD6A00064DD9 /* HourlyForecastScreenViewCell.swift */; };
		290F98F92C2CFF7F00064DD9 /* HourlyForecastCollectionCell.swift in Sources */ = {isa = PBXBuildFile; fileRef = 290F98F82C2CFF7F00064DD9 /* HourlyForecastCollectionCell.swift */; };
		290F98FB2C32F0BE00064DD9 /* HomeScreen.swift in Sources */ = {isa = PBXBuildFile; fileRef = 290F98FA2C32F0BE00064DD9 /* HomeScreen.swift */; };
		290F98FD2C341E8D00064DD9 /* HomeViewController.swift in Sources */ = {isa = PBXBuildFile; fileRef = 290F98FC2C341E8D00064DD9 /* HomeViewController.swift */; };
		292B2F672C494B5E009740A1 /* CardToday.swift in Sources */ = {isa = PBXBuildFile; fileRef = 292B2F662C494B5E009740A1 /* CardToday.swift */; };
		292B2F692C49630A009740A1 /* WeatherToday.swift in Sources */ = {isa = PBXBuildFile; fileRef = 292B2F682C49630A009740A1 /* WeatherToday.swift */; };
		292B2F6B2C496494009740A1 /* CardTodayViewModel.swift in Sources */ = {isa = PBXBuildFile; fileRef = 292B2F6A2C496494009740A1 /* CardTodayViewModel.swift */; };
		292B2F6E2C4D9099009740A1 /* LineChartView.swift in Sources */ = {isa = PBXBuildFile; fileRef = 292B2F6D2C4D9099009740A1 /* LineChartView.swift */; };
		29662C582C224B1C00E5A216 /* AppDelegate.swift in Sources */ = {isa = PBXBuildFile; fileRef = 29662C572C224B1C00E5A216 /* AppDelegate.swift */; };
		29662C5A2C224B1C00E5A216 /* SceneDelegate.swift in Sources */ = {isa = PBXBuildFile; fileRef = 29662C592C224B1C00E5A216 /* SceneDelegate.swift */; };
		29662C612C224B1E00E5A216 /* Assets.xcassets in Resources */ = {isa = PBXBuildFile; fileRef = 29662C602C224B1E00E5A216 /* Assets.xcassets */; };
		29662C642C224B1E00E5A216 /* Base in Resources */ = {isa = PBXBuildFile; fileRef = 29662C632C224B1E00E5A216 /* Base */; };
		297BD59E2C2733E00029989A /* UIView+Extension.swift in Sources */ = {isa = PBXBuildFile; fileRef = 297BD59D2C2733E00029989A /* UIView+Extension.swift */; };
		297BD5A12C27B89E0029989A /* UIImage+Extension.swift in Sources */ = {isa = PBXBuildFile; fileRef = 297BD5A02C27B89E0029989A /* UIImage+Extension.swift */; };
		29B5A0D02C5ED50B00A3FAC7 /* LaunchScreen.storyboard in Resources */ = {isa = PBXBuildFile; fileRef = 29662C622C224B1E00E5A216 /* LaunchScreen.storyboard */; };
		29B5A0D32C60667B00A3FAC7 /* InfoWeather.swift in Sources */ = {isa = PBXBuildFile; fileRef = 29B5A0D22C60667B00A3FAC7 /* InfoWeather.swift */; };
		29B5A0D62C60E5D600A3FAC7 /* HeaderContent.swift in Sources */ = {isa = PBXBuildFile; fileRef = 29B5A0D52C60E5D600A3FAC7 /* HeaderContent.swift */; };
		29CC182E2C389A78009D5392 /* HomeViewModel.swift in Sources */ = {isa = PBXBuildFile; fileRef = 29CC182D2C389A78009D5392 /* HomeViewModel.swift */; };
		29EDC2D42C624D4B00F39582 /* HeaderContentViewModel.swift in Sources */ = {isa = PBXBuildFile; fileRef = 29EDC2D32C624D4B00F39582 /* HeaderContentViewModel.swift */; };
/* End PBXBuildFile section */

/* Begin PBXFileReference section */
		290848902C2608F5005571AC /* Color+Extension.swift */ = {isa = PBXFileReference; lastKnownFileType = sourcecode.swift; path = "Color+Extension.swift"; sourceTree = "<group>"; };
		290F98E82C2C4A0100064DD9 /* HourlyForecasts.swift */ = {isa = PBXFileReference; lastKnownFileType = sourcecode.swift; path = HourlyForecasts.swift; sourceTree = "<group>"; };
		290F98EF2C2C4FA700064DD9 /* HourlyForecastViewModel.swift */ = {isa = PBXFileReference; lastKnownFileType = sourcecode.swift; path = HourlyForecastViewModel.swift; sourceTree = "<group>"; };
		290F98F12C2C505200064DD9 /* HourlyForecastCardScreen.swift */ = {isa = PBXFileReference; lastKnownFileType = sourcecode.swift; path = HourlyForecastCardScreen.swift; sourceTree = "<group>"; };
		290F98F32C2C5DDA00064DD9 /* HourlyForecastCardCollectionViewCell.swift */ = {isa = PBXFileReference; lastKnownFileType = sourcecode.swift; path = HourlyForecastCardCollectionViewCell.swift; sourceTree = "<group>"; };
		290F98F62C2CCD6A00064DD9 /* HourlyForecastScreenViewCell.swift */ = {isa = PBXFileReference; lastKnownFileType = sourcecode.swift; path = HourlyForecastScreenViewCell.swift; sourceTree = "<group>"; };
		290F98F82C2CFF7F00064DD9 /* HourlyForecastCollectionCell.swift */ = {isa = PBXFileReference; lastKnownFileType = sourcecode.swift; path = HourlyForecastCollectionCell.swift; sourceTree = "<group>"; };
		290F98FA2C32F0BE00064DD9 /* HomeScreen.swift */ = {isa = PBXFileReference; lastKnownFileType = sourcecode.swift; path = HomeScreen.swift; sourceTree = "<group>"; };
		290F98FC2C341E8D00064DD9 /* HomeViewController.swift */ = {isa = PBXFileReference; lastKnownFileType = sourcecode.swift; path = HomeViewController.swift; sourceTree = "<group>"; };
		292B2F662C494B5E009740A1 /* CardToday.swift */ = {isa = PBXFileReference; lastKnownFileType = sourcecode.swift; path = CardToday.swift; sourceTree = "<group>"; };
		292B2F682C49630A009740A1 /* WeatherToday.swift */ = {isa = PBXFileReference; lastKnownFileType = sourcecode.swift; path = WeatherToday.swift; sourceTree = "<group>"; };
		292B2F6A2C496494009740A1 /* CardTodayViewModel.swift */ = {isa = PBXFileReference; lastKnownFileType = sourcecode.swift; path = CardTodayViewModel.swift; sourceTree = "<group>"; };
		292B2F6D2C4D9099009740A1 /* LineChartView.swift */ = {isa = PBXFileReference; lastKnownFileType = sourcecode.swift; path = LineChartView.swift; sourceTree = "<group>"; };
		29662C542C224B1C00E5A216 /* App-weather-ios.app */ = {isa = PBXFileReference; explicitFileType = wrapper.application; includeInIndex = 0; path = "App-weather-ios.app"; sourceTree = BUILT_PRODUCTS_DIR; };
		29662C572C224B1C00E5A216 /* AppDelegate.swift */ = {isa = PBXFileReference; lastKnownFileType = sourcecode.swift; path = AppDelegate.swift; sourceTree = "<group>"; };
		29662C592C224B1C00E5A216 /* SceneDelegate.swift */ = {isa = PBXFileReference; lastKnownFileType = sourcecode.swift; path = SceneDelegate.swift; sourceTree = "<group>"; };
		29662C602C224B1E00E5A216 /* Assets.xcassets */ = {isa = PBXFileReference; lastKnownFileType = folder.assetcatalog; path = Assets.xcassets; sourceTree = "<group>"; };
		29662C632C224B1E00E5A216 /* Base */ = {isa = PBXFileReference; lastKnownFileType = file.storyboard; name = Base; path = Base.lproj/LaunchScreen.storyboard; sourceTree = "<group>"; };
		29662C652C224B1E00E5A216 /* Info.plist */ = {isa = PBXFileReference; lastKnownFileType = text.plist.xml; path = Info.plist; sourceTree = "<group>"; };
		297BD59D2C2733E00029989A /* UIView+Extension.swift */ = {isa = PBXFileReference; lastKnownFileType = sourcecode.swift; path = "UIView+Extension.swift"; sourceTree = "<group>"; };
		297BD5A02C27B89E0029989A /* UIImage+Extension.swift */ = {isa = PBXFileReference; lastKnownFileType = sourcecode.swift; path = "UIImage+Extension.swift"; sourceTree = "<group>"; };
		29B5A0D22C60667B00A3FAC7 /* InfoWeather.swift */ = {isa = PBXFileReference; lastKnownFileType = sourcecode.swift; path = InfoWeather.swift; sourceTree = "<group>"; };
		29B5A0D52C60E5D600A3FAC7 /* HeaderContent.swift */ = {isa = PBXFileReference; lastKnownFileType = sourcecode.swift; path = HeaderContent.swift; sourceTree = "<group>"; };
		29CC182D2C389A78009D5392 /* HomeViewModel.swift */ = {isa = PBXFileReference; lastKnownFileType = sourcecode.swift; path = HomeViewModel.swift; sourceTree = "<group>"; };
		29EDC2D32C624D4B00F39582 /* HeaderContentViewModel.swift */ = {isa = PBXFileReference; lastKnownFileType = sourcecode.swift; path = HeaderContentViewModel.swift; sourceTree = "<group>"; };
/* End PBXFileReference section */

/* Begin PBXFrameworksBuildPhase section */
		29662C512C224B1C00E5A216 /* Frameworks */ = {
			isa = PBXFrameworksBuildPhase;
			buildActionMask = 2147483647;
			files = (
			);
			runOnlyForDeploymentPostprocessing = 0;
		};
/* End PBXFrameworksBuildPhase section */

/* Begin PBXGroup section */
		290F98E62C2C48A400064DD9 /* Home */ = {
			isa = PBXGroup;
			children = (
				290F98EC2C2C4F4400064DD9 /* Components */,
				290F98FA2C32F0BE00064DD9 /* HomeScreen.swift */,
				290F98FC2C341E8D00064DD9 /* HomeViewController.swift */,
				29CC182D2C389A78009D5392 /* HomeViewModel.swift */,
			);
			path = Home;
			sourceTree = "<group>";
		};
		290F98E72C2C499500064DD9 /* Models */ = {
			isa = PBXGroup;
			children = (
				290F98E82C2C4A0100064DD9 /* HourlyForecasts.swift */,
				292B2F682C49630A009740A1 /* WeatherToday.swift */,
			);
			name = Models;
			path = "App-weather-ios/Models";
			sourceTree = SOURCE_ROOT;
		};
		290F98EC2C2C4F4400064DD9 /* Components */ = {
			isa = PBXGroup;
			children = (
				29B5A0D42C60E5BA00A3FAC7 /* HeaderContent */,
				29B5A0D12C60664200A3FAC7 /* InfoWeather */,
				292B2F6C2C4D907D009740A1 /* LineCharts */,
				292B2F652C494AFD009740A1 /* CardToday */,
				290F98ED2C2C4F6200064DD9 /* CollectionViewHourlyForecast */,
			);
			path = Components;
			sourceTree = "<group>";
		};
		290F98ED2C2C4F6200064DD9 /* CollectionViewHourlyForecast */ = {
			isa = PBXGroup;
			children = (
				290F98F52C2CCD5800064DD9 /* Cell */,
				290F98EE2C2C4F7E00064DD9 /* Card */,
			);
			path = CollectionViewHourlyForecast;
			sourceTree = "<group>";
		};
		290F98EE2C2C4F7E00064DD9 /* Card */ = {
			isa = PBXGroup;
			children = (
				290F98EF2C2C4FA700064DD9 /* HourlyForecastViewModel.swift */,
				290F98F12C2C505200064DD9 /* HourlyForecastCardScreen.swift */,
				290F98F32C2C5DDA00064DD9 /* HourlyForecastCardCollectionViewCell.swift */,
			);
			path = Card;
			sourceTree = "<group>";
		};
		290F98F52C2CCD5800064DD9 /* Cell */ = {
			isa = PBXGroup;
			children = (
				290F98F62C2CCD6A00064DD9 /* HourlyForecastScreenViewCell.swift */,
				290F98F82C2CFF7F00064DD9 /* HourlyForecastCollectionCell.swift */,
			);
			path = Cell;
			sourceTree = "<group>";
		};
		292B2F652C494AFD009740A1 /* CardToday */ = {
			isa = PBXGroup;
			children = (
				292B2F662C494B5E009740A1 /* CardToday.swift */,
				292B2F6A2C496494009740A1 /* CardTodayViewModel.swift */,
			);
			path = CardToday;
			sourceTree = "<group>";
		};
		292B2F6C2C4D907D009740A1 /* LineCharts */ = {
			isa = PBXGroup;
			children = (
				292B2F6D2C4D9099009740A1 /* LineChartView.swift */,
			);
			path = LineCharts;
			sourceTree = "<group>";
		};
		29662C4B2C224B1C00E5A216 = {
			isa = PBXGroup;
			children = (
				29662C562C224B1C00E5A216 /* App-weather-ios */,
				29662C552C224B1C00E5A216 /* Products */,
			);
			sourceTree = "<group>";
		};
		29662C552C224B1C00E5A216 /* Products */ = {
			isa = PBXGroup;
			children = (
				29662C542C224B1C00E5A216 /* App-weather-ios.app */,
			);
			name = Products;
			sourceTree = "<group>";
		};
		29662C562C224B1C00E5A216 /* App-weather-ios */ = {
			isa = PBXGroup;
			children = (
				297BD59F2C27B67A0029989A /* Extensions */,
				290F98E72C2C499500064DD9 /* Models */,
				290F98E62C2C48A400064DD9 /* Home */,
				29662C572C224B1C00E5A216 /* AppDelegate.swift */,
				29662C592C224B1C00E5A216 /* SceneDelegate.swift */,
				29662C602C224B1E00E5A216 /* Assets.xcassets */,
				29662C622C224B1E00E5A216 /* LaunchScreen.storyboard */,
				29662C652C224B1E00E5A216 /* Info.plist */,
			);
			path = "App-weather-ios";
			sourceTree = "<group>";
		};
		297BD59F2C27B67A0029989A /* Extensions */ = {
			isa = PBXGroup;
			children = (
				290848902C2608F5005571AC /* Color+Extension.swift */,
				297BD59D2C2733E00029989A /* UIView+Extension.swift */,
				297BD5A02C27B89E0029989A /* UIImage+Extension.swift */,
			);
			path = Extensions;
			sourceTree = "<group>";
		};
		29B5A0D12C60664200A3FAC7 /* InfoWeather */ = {
			isa = PBXGroup;
			children = (
				29B5A0D22C60667B00A3FAC7 /* InfoWeather.swift */,
			);
			path = InfoWeather;
			sourceTree = "<group>";
		};
		29B5A0D42C60E5BA00A3FAC7 /* HeaderContent */ = {
			isa = PBXGroup;
			children = (
				29B5A0D52C60E5D600A3FAC7 /* HeaderContent.swift */,
				29EDC2D32C624D4B00F39582 /* HeaderContentViewModel.swift */,
			);
			path = HeaderContent;
			sourceTree = "<group>";
		};
/* End PBXGroup section */

/* Begin PBXNativeTarget section */
		29662C532C224B1C00E5A216 /* App-weather-ios */ = {
			isa = PBXNativeTarget;
			buildConfigurationList = 29662C682C224B1E00E5A216 /* Build configuration list for PBXNativeTarget "App-weather-ios" */;
			buildPhases = (
				29662C502C224B1C00E5A216 /* Sources */,
				29662C512C224B1C00E5A216 /* Frameworks */,
				29662C522C224B1C00E5A216 /* Resources */,
			);
			buildRules = (
			);
			dependencies = (
			);
			name = "App-weather-ios";
			productName = "App-weather-ios";
			productReference = 29662C542C224B1C00E5A216 /* App-weather-ios.app */;
			productType = "com.apple.product-type.application";
		};
/* End PBXNativeTarget section */

/* Begin PBXProject section */
		29662C4C2C224B1C00E5A216 /* Project object */ = {
			isa = PBXProject;
			attributes = {
				BuildIndependentTargetsInParallel = 1;
				LastSwiftUpdateCheck = 1540;
				LastUpgradeCheck = 1540;
				TargetAttributes = {
					29662C532C224B1C00E5A216 = {
						CreatedOnToolsVersion = 15.4;
					};
				};
			};
			buildConfigurationList = 29662C4F2C224B1C00E5A216 /* Build configuration list for PBXProject "App-weather-ios" */;
			compatibilityVersion = "Xcode 14.0";
			developmentRegion = en;
			hasScannedForEncodings = 0;
			knownRegions = (
				en,
				Base,
			);
			mainGroup = 29662C4B2C224B1C00E5A216;
			productRefGroup = 29662C552C224B1C00E5A216 /* Products */;
			projectDirPath = "";
			projectRoot = "";
			targets = (
				29662C532C224B1C00E5A216 /* App-weather-ios */,
			);
		};
/* End PBXProject section */

/* Begin PBXResourcesBuildPhase section */
		29662C522C224B1C00E5A216 /* Resources */ = {
			isa = PBXResourcesBuildPhase;
			buildActionMask = 2147483647;
			files = (
				29B5A0D02C5ED50B00A3FAC7 /* LaunchScreen.storyboard in Resources */,
				29662C612C224B1E00E5A216 /* Assets.xcassets in Resources */,
				29662C642C224B1E00E5A216 /* Base in Resources */,
			);
			runOnlyForDeploymentPostprocessing = 0;
		};
/* End PBXResourcesBuildPhase section */

/* Begin PBXSourcesBuildPhase section */
		29662C502C224B1C00E5A216 /* Sources */ = {
			isa = PBXSourcesBuildPhase;
			buildActionMask = 2147483647;
			files = (
				292B2F6B2C496494009740A1 /* CardTodayViewModel.swift in Sources */,
				29CC182E2C389A78009D5392 /* HomeViewModel.swift in Sources */,
				297BD59E2C2733E00029989A /* UIView+Extension.swift in Sources */,
				290F98F72C2CCD6A00064DD9 /* HourlyForecastScreenViewCell.swift in Sources */,
				29B5A0D32C60667B00A3FAC7 /* InfoWeather.swift in Sources */,
				290F98FD2C341E8D00064DD9 /* HomeViewController.swift in Sources */,
				292B2F6E2C4D9099009740A1 /* LineChartView.swift in Sources */,
				29EDC2D42C624D4B00F39582 /* HeaderContentViewModel.swift in Sources */,
				292B2F672C494B5E009740A1 /* CardToday.swift in Sources */,
				290F98E92C2C4A0100064DD9 /* HourlyForecasts.swift in Sources */,
				290F98FB2C32F0BE00064DD9 /* HomeScreen.swift in Sources */,
				290F98F22C2C505200064DD9 /* HourlyForecastCardScreen.swift in Sources */,
				290848912C2608F5005571AC /* Color+Extension.swift in Sources */,
				290F98F02C2C4FA700064DD9 /* HourlyForecastViewModel.swift in Sources */,
				297BD5A12C27B89E0029989A /* UIImage+Extension.swift in Sources */,
				29B5A0D62C60E5D600A3FAC7 /* HeaderContent.swift in Sources */,
				29662C582C224B1C00E5A216 /* AppDelegate.swift in Sources */,
				290F98F42C2C5DDA00064DD9 /* HourlyForecastCardCollectionViewCell.swift in Sources */,
				290F98F92C2CFF7F00064DD9 /* HourlyForecastCollectionCell.swift in Sources */,
				292B2F692C49630A009740A1 /* WeatherToday.swift in Sources */,
				29662C5A2C224B1C00E5A216 /* SceneDelegate.swift in Sources */,
			);
			runOnlyForDeploymentPostprocessing = 0;
		};
/* End PBXSourcesBuildPhase section */

/* Begin PBXVariantGroup section */
		29662C622C224B1E00E5A216 /* LaunchScreen.storyboard */ = {
			isa = PBXVariantGroup;
			children = (
				29662C632C224B1E00E5A216 /* Base */,
			);
			name = LaunchScreen.storyboard;
			sourceTree = "<group>";
		};
/* End PBXVariantGroup section */

/* Begin XCBuildConfiguration section */
		29662C662C224B1E00E5A216 /* Debug */ = {
			isa = XCBuildConfiguration;
			buildSettings = {
				ALWAYS_SEARCH_USER_PATHS = NO;
				ASSETCATALOG_COMPILER_GENERATE_SWIFT_ASSET_SYMBOL_EXTENSIONS = YES;
				CLANG_ANALYZER_NONNULL = YES;
				CLANG_ANALYZER_NUMBER_OBJECT_CONVERSION = YES_AGGRESSIVE;
				CLANG_CXX_LANGUAGE_STANDARD = "gnu++20";
				CLANG_ENABLE_MODULES = YES;
				CLANG_ENABLE_OBJC_ARC = YES;
				CLANG_ENABLE_OBJC_WEAK = YES;
				CLANG_WARN_BLOCK_CAPTURE_AUTORELEASING = YES;
				CLANG_WARN_BOOL_CONVERSION = YES;
				CLANG_WARN_COMMA = YES;
				CLANG_WARN_CONSTANT_CONVERSION = YES;
				CLANG_WARN_DEPRECATED_OBJC_IMPLEMENTATIONS = YES;
				CLANG_WARN_DIRECT_OBJC_ISA_USAGE = YES_ERROR;
				CLANG_WARN_DOCUMENTATION_COMMENTS = YES;
				CLANG_WARN_EMPTY_BODY = YES;
				CLANG_WARN_ENUM_CONVERSION = YES;
				CLANG_WARN_INFINITE_RECURSION = YES;
				CLANG_WARN_INT_CONVERSION = YES;
				CLANG_WARN_NON_LITERAL_NULL_CONVERSION = YES;
				CLANG_WARN_OBJC_IMPLICIT_RETAIN_SELF = YES;
				CLANG_WARN_OBJC_LITERAL_CONVERSION = YES;
				CLANG_WARN_OBJC_ROOT_CLASS = YES_ERROR;
				CLANG_WARN_QUOTED_INCLUDE_IN_FRAMEWORK_HEADER = YES;
				CLANG_WARN_RANGE_LOOP_ANALYSIS = YES;
				CLANG_WARN_STRICT_PROTOTYPES = YES;
				CLANG_WARN_SUSPICIOUS_MOVE = YES;
				CLANG_WARN_UNGUARDED_AVAILABILITY = YES_AGGRESSIVE;
				CLANG_WARN_UNREACHABLE_CODE = YES;
				CLANG_WARN__DUPLICATE_METHOD_MATCH = YES;
				COPY_PHASE_STRIP = NO;
				DEBUG_INFORMATION_FORMAT = dwarf;
				ENABLE_STRICT_OBJC_MSGSEND = YES;
				ENABLE_TESTABILITY = YES;
				ENABLE_USER_SCRIPT_SANDBOXING = YES;
				GCC_C_LANGUAGE_STANDARD = gnu17;
				GCC_DYNAMIC_NO_PIC = NO;
				GCC_NO_COMMON_BLOCKS = YES;
				GCC_OPTIMIZATION_LEVEL = 0;
				GCC_PREPROCESSOR_DEFINITIONS = (
					"DEBUG=1",
					"$(inherited)",
				);
				GCC_WARN_64_TO_32_BIT_CONVERSION = YES;
				GCC_WARN_ABOUT_RETURN_TYPE = YES_ERROR;
				GCC_WARN_UNDECLARED_SELECTOR = YES;
				GCC_WARN_UNINITIALIZED_AUTOS = YES_AGGRESSIVE;
				GCC_WARN_UNUSED_FUNCTION = YES;
				GCC_WARN_UNUSED_VARIABLE = YES;
				IPHONEOS_DEPLOYMENT_TARGET = 17.5;
				LOCALIZATION_PREFERS_STRING_CATALOGS = YES;
				MTL_ENABLE_DEBUG_INFO = INCLUDE_SOURCE;
				MTL_FAST_MATH = YES;
				ONLY_ACTIVE_ARCH = YES;
				SDKROOT = iphoneos;
				SWIFT_ACTIVE_COMPILATION_CONDITIONS = "DEBUG $(inherited)";
				SWIFT_OPTIMIZATION_LEVEL = "-Onone";
			};
			name = Debug;
		};
		29662C672C224B1E00E5A216 /* Release */ = {
			isa = XCBuildConfiguration;
			buildSettings = {
				ALWAYS_SEARCH_USER_PATHS = NO;
				ASSETCATALOG_COMPILER_GENERATE_SWIFT_ASSET_SYMBOL_EXTENSIONS = YES;
				CLANG_ANALYZER_NONNULL = YES;
				CLANG_ANALYZER_NUMBER_OBJECT_CONVERSION = YES_AGGRESSIVE;
				CLANG_CXX_LANGUAGE_STANDARD = "gnu++20";
				CLANG_ENABLE_MODULES = YES;
				CLANG_ENABLE_OBJC_ARC = YES;
				CLANG_ENABLE_OBJC_WEAK = YES;
				CLANG_WARN_BLOCK_CAPTURE_AUTORELEASING = YES;
				CLANG_WARN_BOOL_CONVERSION = YES;
				CLANG_WARN_COMMA = YES;
				CLANG_WARN_CONSTANT_CONVERSION = YES;
				CLANG_WARN_DEPRECATED_OBJC_IMPLEMENTATIONS = YES;
				CLANG_WARN_DIRECT_OBJC_ISA_USAGE = YES_ERROR;
				CLANG_WARN_DOCUMENTATION_COMMENTS = YES;
				CLANG_WARN_EMPTY_BODY = YES;
				CLANG_WARN_ENUM_CONVERSION = YES;
				CLANG_WARN_INFINITE_RECURSION = YES;
				CLANG_WARN_INT_CONVERSION = YES;
				CLANG_WARN_NON_LITERAL_NULL_CONVERSION = YES;
				CLANG_WARN_OBJC_IMPLICIT_RETAIN_SELF = YES;
				CLANG_WARN_OBJC_LITERAL_CONVERSION = YES;
				CLANG_WARN_OBJC_ROOT_CLASS = YES_ERROR;
				CLANG_WARN_QUOTED_INCLUDE_IN_FRAMEWORK_HEADER = YES;
				CLANG_WARN_RANGE_LOOP_ANALYSIS = YES;
				CLANG_WARN_STRICT_PROTOTYPES = YES;
				CLANG_WARN_SUSPICIOUS_MOVE = YES;
				CLANG_WARN_UNGUARDED_AVAILABILITY = YES_AGGRESSIVE;
				CLANG_WARN_UNREACHABLE_CODE = YES;
				CLANG_WARN__DUPLICATE_METHOD_MATCH = YES;
				COPY_PHASE_STRIP = NO;
				DEBUG_INFORMATION_FORMAT = "dwarf-with-dsym";
				ENABLE_NS_ASSERTIONS = NO;
				ENABLE_STRICT_OBJC_MSGSEND = YES;
				ENABLE_USER_SCRIPT_SANDBOXING = YES;
				GCC_C_LANGUAGE_STANDARD = gnu17;
				GCC_NO_COMMON_BLOCKS = YES;
				GCC_WARN_64_TO_32_BIT_CONVERSION = YES;
				GCC_WARN_ABOUT_RETURN_TYPE = YES_ERROR;
				GCC_WARN_UNDECLARED_SELECTOR = YES;
				GCC_WARN_UNINITIALIZED_AUTOS = YES_AGGRESSIVE;
				GCC_WARN_UNUSED_FUNCTION = YES;
				GCC_WARN_UNUSED_VARIABLE = YES;
				IPHONEOS_DEPLOYMENT_TARGET = 17.5;
				LOCALIZATION_PREFERS_STRING_CATALOGS = YES;
				MTL_ENABLE_DEBUG_INFO = NO;
				MTL_FAST_MATH = YES;
				SDKROOT = iphoneos;
				SWIFT_COMPILATION_MODE = wholemodule;
				VALIDATE_PRODUCT = YES;
			};
			name = Release;
		};
		29662C692C224B1E00E5A216 /* Debug */ = {
			isa = XCBuildConfiguration;
			buildSettings = {
				ASSETCATALOG_COMPILER_APPICON_NAME = AppIcon;
				ASSETCATALOG_COMPILER_GLOBAL_ACCENT_COLOR_NAME = AccentColor;
				CODE_SIGN_STYLE = Automatic;
				CURRENT_PROJECT_VERSION = 1;
				DEVELOPMENT_TEAM = 96CCUXA5A9;
				GENERATE_INFOPLIST_FILE = YES;
				INFOPLIST_FILE = "App-weather-ios/Info.plist";
				INFOPLIST_KEY_UIApplicationSupportsIndirectInputEvents = YES;
				INFOPLIST_KEY_UILaunchStoryboardName = LaunchScreen;
				INFOPLIST_KEY_UIMainStoryboardFile = "";
				INFOPLIST_KEY_UISupportedInterfaceOrientations_iPad = "UIInterfaceOrientationPortrait UIInterfaceOrientationPortraitUpsideDown UIInterfaceOrientationLandscapeLeft UIInterfaceOrientationLandscapeRight";
				INFOPLIST_KEY_UISupportedInterfaceOrientations_iPhone = "UIInterfaceOrientationPortrait UIInterfaceOrientationLandscapeLeft UIInterfaceOrientationLandscapeRight";
				LD_RUNPATH_SEARCH_PATHS = (
					"$(inherited)",
					"@executable_path/Frameworks",
				);
				MARKETING_VERSION = 1.0;
				PRODUCT_BUNDLE_IDENTIFIER = "luizrebelatto.App-weather-ios";
				PRODUCT_NAME = "$(TARGET_NAME)";
				SWIFT_EMIT_LOC_STRINGS = YES;
				SWIFT_VERSION = 5.0;
				TARGETED_DEVICE_FAMILY = "1,2";
			};
			name = Debug;
		};
		29662C6A2C224B1E00E5A216 /* Release */ = {
			isa = XCBuildConfiguration;
			buildSettings = {
				ASSETCATALOG_COMPILER_APPICON_NAME = AppIcon;
				ASSETCATALOG_COMPILER_GLOBAL_ACCENT_COLOR_NAME = AccentColor;
				CODE_SIGN_STYLE = Automatic;
				CURRENT_PROJECT_VERSION = 1;
				DEVELOPMENT_TEAM = 96CCUXA5A9;
				GENERATE_INFOPLIST_FILE = YES;
				INFOPLIST_FILE = "App-weather-ios/Info.plist";
				INFOPLIST_KEY_UIApplicationSupportsIndirectInputEvents = YES;
				INFOPLIST_KEY_UILaunchStoryboardName = LaunchScreen;
				INFOPLIST_KEY_UIMainStoryboardFile = "";
				INFOPLIST_KEY_UISupportedInterfaceOrientations_iPad = "UIInterfaceOrientationPortrait UIInterfaceOrientationPortraitUpsideDown UIInterfaceOrientationLandscapeLeft UIInterfaceOrientationLandscapeRight";
				INFOPLIST_KEY_UISupportedInterfaceOrientations_iPhone = "UIInterfaceOrientationPortrait UIInterfaceOrientationLandscapeLeft UIInterfaceOrientationLandscapeRight";
				LD_RUNPATH_SEARCH_PATHS = (
					"$(inherited)",
					"@executable_path/Frameworks",
				);
				MARKETING_VERSION = 1.0;
				PRODUCT_BUNDLE_IDENTIFIER = "luizrebelatto.App-weather-ios";
				PRODUCT_NAME = "$(TARGET_NAME)";
				SWIFT_EMIT_LOC_STRINGS = YES;
				SWIFT_VERSION = 5.0;
				TARGETED_DEVICE_FAMILY = "1,2";
			};
			name = Release;
		};
/* End XCBuildConfiguration section */

/* Begin XCConfigurationList section */
		29662C4F2C224B1C00E5A216 /* Build configuration list for PBXProject "App-weather-ios" */ = {
			isa = XCConfigurationList;
			buildConfigurations = (
				29662C662C224B1E00E5A216 /* Debug */,
				29662C672C224B1E00E5A216 /* Release */,
			);
			defaultConfigurationIsVisible = 0;
			defaultConfigurationName = Release;
		};
		29662C682C224B1E00E5A216 /* Build configuration list for PBXNativeTarget "App-weather-ios" */ = {
			isa = XCConfigurationList;
			buildConfigurations = (
				29662C692C224B1E00E5A216 /* Debug */,
				29662C6A2C224B1E00E5A216 /* Release */,
			);
			defaultConfigurationIsVisible = 0;
			defaultConfigurationName = Release;
		};
/* End XCConfigurationList section */
	};
	rootObject = 29662C4C2C224B1C00E5A216 /* Project object */;
}
